
Microsoft Visual Studio Solution File, Format Version 12.00
# Visual Studio Version 16
VisualStudioVersion = 16.0.29009.5
MinimumVisualStudioVersion = 10.0.40219.1
Project("{FAE04EC0-301F-11D3-BF4B-00C04F79EFBC}") = "DCCMobileController.Android", "DCCMobileController.Android\DCCMobileController.Android.csproj", "{1416AA6D-6033-4A21-9572-A50DA7693D65}"
EndProject
Project("{FAE04EC0-301F-11D3-BF4B-00C04F79EFBC}") = "DCCMobileController.iOS", "DCCMobileController.iOS\DCCMobileController.iOS.csproj", "{0A1ECC12-0DEB-4A33-862B-0F2FB6FC2CC3}"
EndProject
Project("{FAE04EC0-301F-11D3-BF4B-00C04F79EFBC}") = "DCCMobileController", "DCCMobileController\DCCMobileController.csproj", "{5B59F16A-30BE-48EC-B515-07E2CFDE8206}"
EndProject
Project("{9A19103F-16F7-4668-BE54-9A1E7A4F7556}") = "DccControllersLibNetStandard", "..\DotNetDcc\DccControllersLibNetStandard.csproj", "{7427FF39-1B8F-4D82-9317-989FB0A28A8C}"
EndProject
Global
	GlobalSection(SolutionConfigurationPlatforms) = preSolution
		Debug|Any CPU = Debug|Any CPU
		Debug|iPhone = Debug|iPhone
		Debug|iPhoneSimulator = Debug|iPhoneSimulator
		Release|Any CPU = Release|Any CPU
		Release|iPhone = Release|iPhone
		Release|iPhoneSimulator = Release|iPhoneSimulator
	EndGlobalSection
	GlobalSection(ProjectConfigurationPlatforms) = postSolution
		{1416AA6D-6033-4A21-9572-A50DA7693D65}.Debug|Any CPU.ActiveCfg = Debug|Any CPU
		{1416AA6D-6033-4A21-9572-A50DA7693D65}.Debug|Any CPU.Build.0 = Debug|Any CPU
		{1416AA6D-6033-4A21-9572-A50DA7693D65}.Debug|Any CPU.Deploy.0 = Debug|Any CPU
		{1416AA6D-6033-4A21-9572-A50DA7693D65}.Debug|iPhone.ActiveCfg = Debug|Any CPU
		{1416AA6D-6033-4A21-9572-A50DA7693D65}.Debug|iPhone.Build.0 = Debug|Any CPU
		{1416AA6D-6033-4A21-9572-A50DA7693D65}.Debug|iPhone.Deploy.0 = Debug|Any CPU
		{1416AA6D-6033-4A21-9572-A50DA7693D65}.Debug|iPhoneSimulator.ActiveCfg = Debug|Any CPU
		{1416AA6D-6033-4A21-9572-A50DA7693D65}.Debug|iPhoneSimulator.Build.0 = Debug|Any CPU
		{1416AA6D-6033-4A21-9572-A50DA7693D65}.Debug|iPhoneSimulator.Deploy.0 = Debug|Any CPU
		{1416AA6D-6033-4A21-9572-A50DA7693D65}.Release|Any CPU.ActiveCfg = Release|Any CPU
		{1416AA6D-6033-4A21-9572-A50DA7693D65}.Release|Any CPU.Build.0 = Release|Any CPU
		{1416AA6D-6033-4A21-9572-A50DA7693D65}.Release|Any CPU.Deploy.0 = Release|Any CPU
		{1416AA6D-6033-4A21-9572-A50DA7693D65}.Release|iPhone.ActiveCfg = Release|Any CPU
		{1416AA6D-6033-4A21-9572-A50DA7693D65}.Release|iPhone.Build.0 = Release|Any CPU
		{1416AA6D-6033-4A21-9572-A50DA7693D65}.Release|iPhone.Deploy.0 = Release|Any CPU
		{1416AA6D-6033-4A21-9572-A50DA7693D65}.Release|iPhoneSimulator.ActiveCfg = Release|Any CPU
		{1416AA6D-6033-4A21-9572-A50DA7693D65}.Release|iPhoneSimulator.Build.0 = Release|Any CPU
		{1416AA6D-6033-4A21-9572-A50DA7693D65}.Release|iPhoneSimulator.Deploy.0 = Release|Any CPU
		{0A1ECC12-0DEB-4A33-862B-0F2FB6FC2CC3}.Debug|Any CPU.ActiveCfg = Debug|iPhoneSimulator
		{0A1ECC12-0DEB-4A33-862B-0F2FB6FC2CC3}.Debug|Any CPU.Deploy.0 = Debug|iPhoneSimulator
		{0A1ECC12-0DEB-4A33-862B-0F2FB6FC2CC3}.Debug|iPhone.ActiveCfg = Debug|iPhone
		{0A1ECC12-0DEB-4A33-862B-0F2FB6FC2CC3}.Debug|iPhone.Build.0 = Debug|iPhone
		{0A1ECC12-0DEB-4A33-862B-0F2FB6FC2CC3}.Debug|iPhone.Deploy.0 = Debug|iPhone
		{0A1ECC12-0DEB-4A33-862B-0F2FB6FC2CC3}.Debug|iPhoneSimulator.ActiveCfg = Debug|iPhoneSimulator
		{0A1ECC12-0DEB-4A33-862B-0F2FB6FC2CC3}.Debug|iPhoneSimulator.Build.0 = Debug|iPhoneSimulator
		{0A1ECC12-0DEB-4A33-862B-0F2FB6FC2CC3}.Debug|iPhoneSimulator.Deploy.0 = Debug|iPhoneSimulator
		{0A1ECC12-0DEB-4A33-862B-0F2FB6FC2CC3}.Release|Any CPU.ActiveCfg = Release|iPhone
		{0A1ECC12-0DEB-4A33-862B-0F2FB6FC2CC3}.Release|Any CPU.Build.0 = Release|iPhone
		{0A1ECC12-0DEB-4A33-862B-0F2FB6FC2CC3}.Release|Any CPU.Deploy.0 = Release|iPhone
		{0A1ECC12-0DEB-4A33-862B-0F2FB6FC2CC3}.Release|iPhone.ActiveCfg = Release|iPhone
		{0A1ECC12-0DEB-4A33-862B-0F2FB6FC2CC3}.Release|iPhone.Build.0 = Release|iPhone
		{0A1ECC12-0DEB-4A33-862B-0F2FB6FC2CC3}.Release|iPhone.Deploy.0 = Release|iPhone
		{0A1ECC12-0DEB-4A33-862B-0F2FB6FC2CC3}.Release|iPhoneSimulator.ActiveCfg = Release|iPhoneSimulator
		{0A1ECC12-0DEB-4A33-862B-0F2FB6FC2CC3}.Release|iPhoneSimulator.Build.0 = Release|iPhoneSimulator
		{0A1ECC12-0DEB-4A33-862B-0F2FB6FC2CC3}.Release|iPhoneSimulator.Deploy.0 = Release|iPhoneSimulator
		{5B59F16A-30BE-48EC-B515-07E2CFDE8206}.Debug|Any CPU.ActiveCfg = Debug|Any CPU
		{5B59F16A-30BE-48EC-B515-07E2CFDE8206}.Debug|Any CPU.Build.0 = Debug|Any CPU
		{5B59F16A-30BE-48EC-B515-07E2CFDE8206}.Debug|Any CPU.Deploy.0 = Debug|Any CPU
		{5B59F16A-30BE-48EC-B515-07E2CFDE8206}.Debug|iPhone.ActiveCfg = Debug|Any CPU
		{5B59F16A-30BE-48EC-B515-07E2CFDE8206}.Debug|iPhone.Build.0 = Debug|Any CPU
		{5B59F16A-30BE-48EC-B515-07E2CFDE8206}.Debug|iPhone.Deploy.0 = Debug|Any CPU
		{5B59F16A-30BE-48EC-B515-07E2CFDE8206}.Debug|iPhoneSimulator.ActiveCfg = Debug|Any CPU
		{5B59F16A-30BE-48EC-B515-07E2CFDE8206}.Debug|iPhoneSimulator.Build.0 = Debug|Any CPU
		{5B59F16A-30BE-48EC-B515-07E2CFDE8206}.Debug|iPhoneSimulator.Deploy.0 = Debug|Any CPU
		{5B59F16A-30BE-48EC-B515-07E2CFDE8206}.Release|Any CPU.ActiveCfg = Release|Any CPU
		{5B59F16A-30BE-48EC-B515-07E2CFDE8206}.Release|Any CPU.Build.0 = Release|Any CPU
		{5B59F16A-30BE-48EC-B515-07E2CFDE8206}.Release|Any CPU.Deploy.0 = Release|Any CPU
		{5B59F16A-30BE-48EC-B515-07E2CFDE8206}.Release|iPhone.ActiveCfg = Release|Any CPU
		{5B59F16A-30BE-48EC-B515-07E2CFDE8206}.Release|iPhone.Build.0 = Release|Any CPU
		{5B59F16A-30BE-48EC-B515-07E2CFDE8206}.Release|iPhone.Deploy.0 = Release|Any CPU
		{5B59F16A-30BE-48EC-B515-07E2CFDE8206}.Release|iPhoneSimulator.ActiveCfg = Release|Any CPU
		{5B59F16A-30BE-48EC-B515-07E2CFDE8206}.Release|iPhoneSimulator.Build.0 = Release|Any CPU
		{5B59F16A-30BE-48EC-B515-07E2CFDE8206}.Release|iPhoneSimulator.Deploy.0 = Release|Any CPU
		{7427FF39-1B8F-4D82-9317-989FB0A28A8C}.Debug|Any CPU.ActiveCfg = Debug|Any CPU
		{7427FF39-1B8F-4D82-9317-989FB0A28A8C}.Debug|Any CPU.Build.0 = Debug|Any CPU
		{7427FF39-1B8F-4D82-9317-989FB0A28A8C}.Debug|iPhone.ActiveCfg = Debug|Any CPU
		{7427FF39-1B8F-4D82-9317-989FB0A28A8C}.Debug|iPhone.Build.0 = Debug|Any CPU
		{7427FF39-1B8F-4D82-9317-989FB0A28A8C}.Debug|iPhoneSimulator.ActiveCfg = Debug|Any CPU
		{7427FF39-1B8F-4D82-9317-989FB0A28A8C}.Debug|iPhoneSimulator.Build.0 = Debug|Any CPU
		{7427FF39-1B8F-4D82-9317-989FB0A28A8C}.Release|Any CPU.ActiveCfg = Release|Any CPU
		{7427FF39-1B8F-4D82-9317-989FB0A28A8C}.Release|Any CPU.Build.0 = Release|Any CPU
		{7427FF39-1B8F-4D82-9317-989FB0A28A8C}.Release|iPhone.ActiveCfg = Release|Any CPU
		{7427FF39-1B8F-4D82-9317-989FB0A28A8C}.Release|iPhone.Build.0 = Release|Any CPU
		{7427FF39-1B8F-4D82-9317-989FB0A28A8C}.Release|iPhoneSimulator.ActiveCfg = Release|Any CPU
		{7427FF39-1B8F-4D82-9317-989FB0A28A8C}.Release|iPhoneSimulator.Build.0 = Release|Any CPU
	EndGlobalSection
	GlobalSection(SolutionProperties) = preSolution
		HideSolutionNode = FALSE
	EndGlobalSection
	GlobalSection(ExtensibilityGlobals) = postSolution
		SolutionGuid = {EA791929-AB26-41CB-AD11-53FEEBBF7941}
	EndGlobalSection
EndGlobal
